
Microsoft Visual Studio Solution File, Format Version 12.00
Project("{FAE04EC0-301F-11D3-BF4B-00C04F79EFBC}") = "Triplog", "Triplog\Triplog\Triplog.csproj", "{8721198D-FF94-48BD-91C5-874F82AD7D89}"
EndProject
Project("{FAE04EC0-301F-11D3-BF4B-00C04F79EFBC}") = "Triplog.Droid", "Triplog\Triplog.Droid\Triplog.Droid.csproj", "{ECC6E8BB-E4A6-44B3-AEB8-D8594A9DFF73}"
EndProject
Project("{FAE04EC0-301F-11D3-BF4B-00C04F79EFBC}") = "Triplog.iOS", "Triplog\Triplog.iOS\Triplog.iOS.csproj", "{2F523211-7C30-4801-96C7-E98E6C2C20DB}"
EndProject
Global
	GlobalSection(SolutionConfigurationPlatforms) = preSolution
		Ad-Hoc|iPhone = Ad-Hoc|iPhone
		AppStore|iPhone = AppStore|iPhone
		Debug|Any CPU = Debug|Any CPU
		Debug|iPhone = Debug|iPhone
		Debug|iPhoneSimulator = Debug|iPhoneSimulator
		Release|Any CPU = Release|Any CPU
		Release|iPhone = Release|iPhone
		Release|iPhoneSimulator = Release|iPhoneSimulator
	EndGlobalSection
	GlobalSection(ProjectConfigurationPlatforms) = postSolution
		{8721198D-FF94-48BD-91C5-874F82AD7D89}.Ad-Hoc|iPhone.ActiveCfg = Debug|Any CPU
		{8721198D-FF94-48BD-91C5-874F82AD7D89}.Ad-Hoc|iPhone.Build.0 = Debug|Any CPU
		{8721198D-FF94-48BD-91C5-874F82AD7D89}.AppStore|iPhone.ActiveCfg = Debug|Any CPU
		{8721198D-FF94-48BD-91C5-874F82AD7D89}.AppStore|iPhone.Build.0 = Debug|Any CPU
		{8721198D-FF94-48BD-91C5-874F82AD7D89}.Debug|Any CPU.ActiveCfg = Debug|Any CPU
		{8721198D-FF94-48BD-91C5-874F82AD7D89}.Debug|Any CPU.Build.0 = Debug|Any CPU
		{8721198D-FF94-48BD-91C5-874F82AD7D89}.Debug|iPhone.ActiveCfg = Debug|Any CPU
		{8721198D-FF94-48BD-91C5-874F82AD7D89}.Debug|iPhone.Build.0 = Debug|Any CPU
		{8721198D-FF94-48BD-91C5-874F82AD7D89}.Debug|iPhoneSimulator.ActiveCfg = Debug|Any CPU
		{8721198D-FF94-48BD-91C5-874F82AD7D89}.Debug|iPhoneSimulator.Build.0 = Debug|Any CPU
		{8721198D-FF94-48BD-91C5-874F82AD7D89}.Release|Any CPU.ActiveCfg = Release|Any CPU
		{8721198D-FF94-48BD-91C5-874F82AD7D89}.Release|Any CPU.Build.0 = Release|Any CPU
		{8721198D-FF94-48BD-91C5-874F82AD7D89}.Release|iPhone.ActiveCfg = Release|Any CPU
		{8721198D-FF94-48BD-91C5-874F82AD7D89}.Release|iPhone.Build.0 = Release|Any CPU
		{8721198D-FF94-48BD-91C5-874F82AD7D89}.Release|iPhoneSimulator.ActiveCfg = Release|Any CPU
		{8721198D-FF94-48BD-91C5-874F82AD7D89}.Release|iPhoneSimulator.Build.0 = Release|Any CPU
		{ECC6E8BB-E4A6-44B3-AEB8-D8594A9DFF73}.Ad-Hoc|iPhone.ActiveCfg = Debug|Any CPU
		{ECC6E8BB-E4A6-44B3-AEB8-D8594A9DFF73}.Ad-Hoc|iPhone.Build.0 = Debug|Any CPU
		{ECC6E8BB-E4A6-44B3-AEB8-D8594A9DFF73}.Ad-Hoc|iPhone.Deploy.0 = Debug|Any CPU
		{ECC6E8BB-E4A6-44B3-AEB8-D8594A9DFF73}.AppStore|iPhone.ActiveCfg = Debug|Any CPU
		{ECC6E8BB-E4A6-44B3-AEB8-D8594A9DFF73}.AppStore|iPhone.Build.0 = Debug|Any CPU
		{ECC6E8BB-E4A6-44B3-AEB8-D8594A9DFF73}.AppStore|iPhone.Deploy.0 = Debug|Any CPU
		{ECC6E8BB-E4A6-44B3-AEB8-D8594A9DFF73}.Debug|Any CPU.ActiveCfg = Debug|Any CPU
		{ECC6E8BB-E4A6-44B3-AEB8-D8594A9DFF73}.Debug|Any CPU.Build.0 = Debug|Any CPU
		{ECC6E8BB-E4A6-44B3-AEB8-D8594A9DFF73}.Debug|Any CPU.Deploy.0 = Debug|Any CPU
		{ECC6E8BB-E4A6-44B3-AEB8-D8594A9DFF73}.Debug|iPhone.ActiveCfg = Debug|Any CPU
		{ECC6E8BB-E4A6-44B3-AEB8-D8594A9DFF73}.Debug|iPhone.Build.0 = Debug|Any CPU
		{ECC6E8BB-E4A6-44B3-AEB8-D8594A9DFF73}.Debug|iPhone.Deploy.0 = Debug|Any CPU
		{ECC6E8BB-E4A6-44B3-AEB8-D8594A9DFF73}.Debug|iPhoneSimulator.ActiveCfg = Debug|Any CPU
		{ECC6E8BB-E4A6-44B3-AEB8-D8594A9DFF73}.Debug|iPhoneSimulator.Build.0 = Debug|Any CPU
		{ECC6E8BB-E4A6-44B3-AEB8-D8594A9DFF73}.Debug|iPhoneSimulator.Deploy.0 = Debug|Any CPU
		{ECC6E8BB-E4A6-44B3-AEB8-D8594A9DFF73}.Release|Any CPU.ActiveCfg = Release|Any CPU
		{ECC6E8BB-E4A6-44B3-AEB8-D8594A9DFF73}.Release|Any CPU.Build.0 = Release|Any CPU
		{ECC6E8BB-E4A6-44B3-AEB8-D8594A9DFF73}.Release|Any CPU.Deploy.0 = Release|Any CPU
		{ECC6E8BB-E4A6-44B3-AEB8-D8594A9DFF73}.Release|iPhone.ActiveCfg = Release|Any CPU
		{ECC6E8BB-E4A6-44B3-AEB8-D8594A9DFF73}.Release|iPhone.Build.0 = Release|Any CPU
		{ECC6E8BB-E4A6-44B3-AEB8-D8594A9DFF73}.Release|iPhone.Deploy.0 = Release|Any CPU
		{ECC6E8BB-E4A6-44B3-AEB8-D8594A9DFF73}.Release|iPhoneSimulator.ActiveCfg = Release|Any CPU
		{ECC6E8BB-E4A6-44B3-AEB8-D8594A9DFF73}.Release|iPhoneSimulator.Build.0 = Release|Any CPU
		{ECC6E8BB-E4A6-44B3-AEB8-D8594A9DFF73}.Release|iPhoneSimulator.Deploy.0 = Release|Any CPU
		{2F523211-7C30-4801-96C7-E98E6C2C20DB}.Ad-Hoc|iPhone.ActiveCfg = Ad-Hoc|iPhone
		{2F523211-7C30-4801-96C7-E98E6C2C20DB}.Ad-Hoc|iPhone.Build.0 = Ad-Hoc|iPhone
		{2F523211-7C30-4801-96C7-E98E6C2C20DB}.Ad-Hoc|iPhone.Deploy.0 = Ad-Hoc|iPhone
		{2F523211-7C30-4801-96C7-E98E6C2C20DB}.AppStore|iPhone.ActiveCfg = AppStore|iPhone
		{2F523211-7C30-4801-96C7-E98E6C2C20DB}.AppStore|iPhone.Build.0 = AppStore|iPhone
		{2F523211-7C30-4801-96C7-E98E6C2C20DB}.AppStore|iPhone.Deploy.0 = AppStore|iPhone
		{2F523211-7C30-4801-96C7-E98E6C2C20DB}.Debug|Any CPU.ActiveCfg = Debug|iPhoneSimulator
		{2F523211-7C30-4801-96C7-E98E6C2C20DB}.Debug|Any CPU.Build.0 = Debug|iPhoneSimulator
		{2F523211-7C30-4801-96C7-E98E6C2C20DB}.Debug|Any CPU.Deploy.0 = Debug|iPhoneSimulator
		{2F523211-7C30-4801-96C7-E98E6C2C20DB}.Debug|iPhone.ActiveCfg = Debug|iPhone
		{2F523211-7C30-4801-96C7-E98E6C2C20DB}.Debug|iPhone.Build.0 = Debug|iPhone
		{2F523211-7C30-4801-96C7-E98E6C2C20DB}.Debug|iPhone.Deploy.0 = Debug|iPhone
		{2F523211-7C30-4801-96C7-E98E6C2C20DB}.Debug|iPhoneSimulator.ActiveCfg = Debug|iPhoneSimulator
		{2F523211-7C30-4801-96C7-E98E6C2C20DB}.Debug|iPhoneSimulator.Build.0 = Debug|iPhoneSimulator
		{2F523211-7C30-4801-96C7-E98E6C2C20DB}.Debug|iPhoneSimulator.Deploy.0 = Debug|iPhoneSimulator
		{2F523211-7C30-4801-96C7-E98E6C2C20DB}.Release|Any CPU.ActiveCfg = Release|iPhoneSimulator
		{2F523211-7C30-4801-96C7-E98E6C2C20DB}.Release|Any CPU.Build.0 = Release|iPhoneSimulator
		{2F523211-7C30-4801-96C7-E98E6C2C20DB}.Release|Any CPU.Deploy.0 = Release|iPhoneSimulator
		{2F523211-7C30-4801-96C7-E98E6C2C20DB}.Release|iPhone.ActiveCfg = Release|iPhone
		{2F523211-7C30-4801-96C7-E98E6C2C20DB}.Release|iPhone.Build.0 = Release|iPhone
		{2F523211-7C30-4801-96C7-E98E6C2C20DB}.Release|iPhone.Deploy.0 = Release|iPhone
		{2F523211-7C30-4801-96C7-E98E6C2C20DB}.Release|iPhoneSimulator.ActiveCfg = Release|iPhoneSimulator
		{2F523211-7C30-4801-96C7-E98E6C2C20DB}.Release|iPhoneSimulator.Build.0 = Release|iPhoneSimulator
		{2F523211-7C30-4801-96C7-E98E6C2C20DB}.Release|iPhoneSimulator.Deploy.0 = Release|iPhoneSimulator
	EndGlobalSection
EndGlobal
